// !$*UTF8*$!
{
	archiveVersion = 1;
	classes = {
	};
	objectVersion = 56;
	objects = {

/* Begin PBXBuildFile section */
		972F1EA62EBF656F00A5B31B /* TrackerStore.swift in Sources */ = {isa = PBXBuildFile; fileRef = 972F1EA52EBF656F00A5B31B /* TrackerStore.swift */; };
		972F1EA82EBF657B00A5B31B /* TrackerCategoryStore.swift in Sources */ = {isa = PBXBuildFile; fileRef = 972F1EA72EBF657B00A5B31B /* TrackerCategoryStore.swift */; };
		972F1EAA2EBF658400A5B31B /* TrackerRecordStore.swift in Sources */ = {isa = PBXBuildFile; fileRef = 972F1EA92EBF658400A5B31B /* TrackerRecordStore.swift */; };
		972F1EB82EC4915800A5B31B /* ColorValueTransformer.swift in Sources */ = {isa = PBXBuildFile; fileRef = 972F1EB72EC4915800A5B31B /* ColorValueTransformer.swift */; };
		972F1EBA2EC49E5100A5B31B /* CoreDataError.swift in Sources */ = {isa = PBXBuildFile; fileRef = 972F1EB92EC49E5100A5B31B /* CoreDataError.swift */; };
		972F1EBC2EC6947B00A5B31B /* DataBaseStore.swift in Sources */ = {isa = PBXBuildFile; fileRef = 972F1EBB2EC6947B00A5B31B /* DataBaseStore.swift */; };
		9753A8362EBB538000491D40 /* ModelsCoreData.xcdatamodeld in Sources */ = {isa = PBXBuildFile; fileRef = 9753A8342EBB538000491D40 /* ModelsCoreData.xcdatamodeld */; };
		9753A8382EBB559F00491D40 /* DaysValueTransformer.swift in Sources */ = {isa = PBXBuildFile; fileRef = 9753A8372EBB559F00491D40 /* DaysValueTransformer.swift */; };
		97B1F95D2EB097540045D7D7 /* TrackersCollectionViewCellDelegate.swift in Sources */ = {isa = PBXBuildFile; fileRef = 97B1F95C2EB097540045D7D7 /* TrackersCollectionViewCellDelegate.swift */; };
		97CFCA812EB202F60090FD9C /* CreateHabbitViewController.swift in Sources */ = {isa = PBXBuildFile; fileRef = 97CFCA802EB202F60090FD9C /* CreateHabbitViewController.swift */; };
		97CFCA832EB2030C0090FD9C /* TimetableViewController.swift in Sources */ = {isa = PBXBuildFile; fileRef = 97CFCA822EB2030C0090FD9C /* TimetableViewController.swift */; };
		97CFCA852EB205540090FD9C /* TimetableTableViewCell.swift in Sources */ = {isa = PBXBuildFile; fileRef = 97CFCA842EB205540090FD9C /* TimetableTableViewCell.swift */; };
		97CFCA8A2EB22FB00090FD9C /* CreateTrackerTableViewCell.swift in Sources */ = {isa = PBXBuildFile; fileRef = 97CFCA892EB22FAF0090FD9C /* CreateTrackerTableViewCell.swift */; };
		97CFCA8D2EB22FEC0090FD9C /* ChooseCategoryViewController.swift in Sources */ = {isa = PBXBuildFile; fileRef = 97CFCA8C2EB22FEC0090FD9C /* ChooseCategoryViewController.swift */; };
		97CFCA8F2EB246D60090FD9C /* TimetableTableViewCellDelegate.swift in Sources */ = {isa = PBXBuildFile; fileRef = 97CFCA8E2EB246D60090FD9C /* TimetableTableViewCellDelegate.swift */; };
		97CFCA932EB2B27B0090FD9C /* CreateTrackerViewControllerDelegate.swift in Sources */ = {isa = PBXBuildFile; fileRef = 97CFCA922EB2B27B0090FD9C /* CreateTrackerViewControllerDelegate.swift */; };
		97CFCA962EB369D90090FD9C /* NewCategoryViewController.swift in Sources */ = {isa = PBXBuildFile; fileRef = 97CFCA952EB369D90090FD9C /* NewCategoryViewController.swift */; };
		97CFCA982EB36C7F0090FD9C /* ChooseCategoryViewControllerDelegate.swift in Sources */ = {isa = PBXBuildFile; fileRef = 97CFCA972EB36C7F0090FD9C /* ChooseCategoryViewControllerDelegate.swift */; };
		97CFCA9A2EB3F76F0090FD9C /* ChooseCategoryTableViewCell.swift in Sources */ = {isa = PBXBuildFile; fileRef = 97CFCA992EB3F76F0090FD9C /* ChooseCategoryTableViewCell.swift */; };
		97CFCA9C2EB4D3560090FD9C /* TrackersViewControllerDelegate.swift in Sources */ = {isa = PBXBuildFile; fileRef = 97CFCA9B2EB4D3560090FD9C /* TrackersViewControllerDelegate.swift */; };
		97CFCAA02EB5056A0090FD9C /* ChooseKindOfNewTrackerViewController.swift in Sources */ = {isa = PBXBuildFile; fileRef = 97CFCA9F2EB5056A0090FD9C /* ChooseKindOfNewTrackerViewController.swift */; };
		97CFCAA22EB5059A0090FD9C /* CreateEventViewController.swift in Sources */ = {isa = PBXBuildFile; fileRef = 97CFCAA12EB5059A0090FD9C /* CreateEventViewController.swift */; };
		97CFCAA62EB65DE80090FD9C /* ViewController.swift in Sources */ = {isa = PBXBuildFile; fileRef = 97CFCAA52EB65DE80090FD9C /* ViewController.swift */; };
		97CFCAA82EB78ECD0090FD9C /* EmojiCollectionViewCell.swift in Sources */ = {isa = PBXBuildFile; fileRef = 97CFCAA72EB78ECD0090FD9C /* EmojiCollectionViewCell.swift */; };
		97CFCAAA2EB78EDC0090FD9C /* ColorCollectionViewCell.swift in Sources */ = {isa = PBXBuildFile; fileRef = 97CFCAA92EB78EDC0090FD9C /* ColorCollectionViewCell.swift */; };
		97EF92362ECC8C200079590B /* OnboardingViewController.swift in Sources */ = {isa = PBXBuildFile; fileRef = 97EF92352ECC8C200079590B /* OnboardingViewController.swift */; };
		97EF925A2ECDCBA60079590B /* ChooseCategoryViewModel.swift in Sources */ = {isa = PBXBuildFile; fileRef = 97EF92592ECDCBA60079590B /* ChooseCategoryViewModel.swift */; };
		97EF925C2ECDCC450079590B /* ChooseCategoryTableViewCellViewModel.swift in Sources */ = {isa = PBXBuildFile; fileRef = 97EF925B2ECDCC450079590B /* ChooseCategoryTableViewCellViewModel.swift */; };
		97EF92672ED20BAB0079590B /* OnboardingPageViewController.swift in Sources */ = {isa = PBXBuildFile; fileRef = 97EF92662ED20BAB0079590B /* OnboardingPageViewController.swift */; };
		97F381F62EABAC990013F66B /* Tracker.swift in Sources */ = {isa = PBXBuildFile; fileRef = 97F381F52EABAC990013F66B /* Tracker.swift */; };
		97F381F82EABACA50013F66B /* TrackerCategory.swift in Sources */ = {isa = PBXBuildFile; fileRef = 97F381F72EABACA50013F66B /* TrackerCategory.swift */; };
		97F381FA2EABACB50013F66B /* TrackerRecord.swift in Sources */ = {isa = PBXBuildFile; fileRef = 97F381F92EABACB50013F66B /* TrackerRecord.swift */; };
		97F381FC2EABAE330013F66B /* Weekday.swift in Sources */ = {isa = PBXBuildFile; fileRef = 97F381FB2EABAE330013F66B /* Weekday.swift */; };
		97F382002EAD4D4F0013F66B /* TrackersCollectionViewCell.swift in Sources */ = {isa = PBXBuildFile; fileRef = 97F381FF2EAD4D4E0013F66B /* TrackersCollectionViewCell.swift */; };
		97F382032EAF8F760013F66B /* UIView+addSubviews.swift in Sources */ = {isa = PBXBuildFile; fileRef = 97F382022EAF8F760013F66B /* UIView+addSubviews.swift */; };
		97F382052EAF94FD0013F66B /* HeaderSupplementaryView.swift in Sources */ = {isa = PBXBuildFile; fileRef = 97F382042EAF94FD0013F66B /* HeaderSupplementaryView.swift */; };
		97F9FC452EA667BE0034200A /* AppDelegate.swift in Sources */ = {isa = PBXBuildFile; fileRef = 97F9FC442EA667BE0034200A /* AppDelegate.swift */; };
		97F9FC472EA667BE0034200A /* SceneDelegate.swift in Sources */ = {isa = PBXBuildFile; fileRef = 97F9FC462EA667BE0034200A /* SceneDelegate.swift */; };
		97F9FC4E2EA667C20034200A /* Assets.xcassets in Resources */ = {isa = PBXBuildFile; fileRef = 97F9FC4D2EA667C20034200A /* Assets.xcassets */; };
		97F9FC512EA667C20034200A /* LaunchScreen.storyboard in Resources */ = {isa = PBXBuildFile; fileRef = 97F9FC4F2EA667C20034200A /* LaunchScreen.storyboard */; };
		97F9FC592EA672F60034200A /* TabBarController.swift in Sources */ = {isa = PBXBuildFile; fileRef = 97F9FC582EA672F60034200A /* TabBarController.swift */; };
		97F9FC5F2EA6759C0034200A /* StatisticsViewController.swift in Sources */ = {isa = PBXBuildFile; fileRef = 97F9FC5E2EA6759C0034200A /* StatisticsViewController.swift */; };
		97F9FC612EA675A90034200A /* TrackersViewController.swift in Sources */ = {isa = PBXBuildFile; fileRef = 97F9FC602EA675A90034200A /* TrackersViewController.swift */; };
/* End PBXBuildFile section */

/* Begin PBXFileReference section */
		972F1EA52EBF656F00A5B31B /* TrackerStore.swift */ = {isa = PBXFileReference; lastKnownFileType = sourcecode.swift; path = TrackerStore.swift; sourceTree = "<group>"; };
		972F1EA72EBF657B00A5B31B /* TrackerCategoryStore.swift */ = {isa = PBXFileReference; lastKnownFileType = sourcecode.swift; path = TrackerCategoryStore.swift; sourceTree = "<group>"; };
		972F1EA92EBF658400A5B31B /* TrackerRecordStore.swift */ = {isa = PBXFileReference; lastKnownFileType = sourcecode.swift; path = TrackerRecordStore.swift; sourceTree = "<group>"; };
		972F1EB72EC4915800A5B31B /* ColorValueTransformer.swift */ = {isa = PBXFileReference; lastKnownFileType = sourcecode.swift; path = ColorValueTransformer.swift; sourceTree = "<group>"; };
		972F1EB92EC49E5100A5B31B /* CoreDataError.swift */ = {isa = PBXFileReference; lastKnownFileType = sourcecode.swift; path = CoreDataError.swift; sourceTree = "<group>"; };
		972F1EBB2EC6947B00A5B31B /* DataBaseStore.swift */ = {isa = PBXFileReference; lastKnownFileType = sourcecode.swift; path = DataBaseStore.swift; sourceTree = "<group>"; };
		9753A8352EBB538000491D40 /* CoreDataModels.xcdatamodel */ = {isa = PBXFileReference; lastKnownFileType = wrapper.xcdatamodel; path = CoreDataModels.xcdatamodel; sourceTree = "<group>"; };
		9753A8372EBB559F00491D40 /* DaysValueTransformer.swift */ = {isa = PBXFileReference; lastKnownFileType = sourcecode.swift; path = DaysValueTransformer.swift; sourceTree = "<group>"; };
		97B1F95C2EB097540045D7D7 /* TrackersCollectionViewCellDelegate.swift */ = {isa = PBXFileReference; lastKnownFileType = sourcecode.swift; path = TrackersCollectionViewCellDelegate.swift; sourceTree = "<group>"; };
		97CFCA802EB202F60090FD9C /* CreateHabbitViewController.swift */ = {isa = PBXFileReference; lastKnownFileType = sourcecode.swift; path = CreateHabbitViewController.swift; sourceTree = "<group>"; };
		97CFCA822EB2030C0090FD9C /* TimetableViewController.swift */ = {isa = PBXFileReference; lastKnownFileType = sourcecode.swift; path = TimetableViewController.swift; sourceTree = "<group>"; };
		97CFCA842EB205540090FD9C /* TimetableTableViewCell.swift */ = {isa = PBXFileReference; lastKnownFileType = sourcecode.swift; path = TimetableTableViewCell.swift; sourceTree = "<group>"; };
		97CFCA892EB22FAF0090FD9C /* CreateTrackerTableViewCell.swift */ = {isa = PBXFileReference; lastKnownFileType = sourcecode.swift; path = CreateTrackerTableViewCell.swift; sourceTree = "<group>"; };
		97CFCA8C2EB22FEC0090FD9C /* ChooseCategoryViewController.swift */ = {isa = PBXFileReference; lastKnownFileType = sourcecode.swift; path = ChooseCategoryViewController.swift; sourceTree = "<group>"; };
		97CFCA8E2EB246D60090FD9C /* TimetableTableViewCellDelegate.swift */ = {isa = PBXFileReference; lastKnownFileType = sourcecode.swift; path = TimetableTableViewCellDelegate.swift; sourceTree = "<group>"; };
		97CFCA922EB2B27B0090FD9C /* CreateTrackerViewControllerDelegate.swift */ = {isa = PBXFileReference; lastKnownFileType = sourcecode.swift; path = CreateTrackerViewControllerDelegate.swift; sourceTree = "<group>"; };
		97CFCA952EB369D90090FD9C /* NewCategoryViewController.swift */ = {isa = PBXFileReference; lastKnownFileType = sourcecode.swift; path = NewCategoryViewController.swift; sourceTree = "<group>"; };
		97CFCA972EB36C7F0090FD9C /* ChooseCategoryViewControllerDelegate.swift */ = {isa = PBXFileReference; lastKnownFileType = sourcecode.swift; path = ChooseCategoryViewControllerDelegate.swift; sourceTree = "<group>"; };
		97CFCA992EB3F76F0090FD9C /* ChooseCategoryTableViewCell.swift */ = {isa = PBXFileReference; lastKnownFileType = sourcecode.swift; path = ChooseCategoryTableViewCell.swift; sourceTree = "<group>"; };
		97CFCA9B2EB4D3560090FD9C /* TrackersViewControllerDelegate.swift */ = {isa = PBXFileReference; lastKnownFileType = sourcecode.swift; path = TrackersViewControllerDelegate.swift; sourceTree = "<group>"; };
		97CFCA9F2EB5056A0090FD9C /* ChooseKindOfNewTrackerViewController.swift */ = {isa = PBXFileReference; lastKnownFileType = sourcecode.swift; path = ChooseKindOfNewTrackerViewController.swift; sourceTree = "<group>"; };
		97CFCAA12EB5059A0090FD9C /* CreateEventViewController.swift */ = {isa = PBXFileReference; lastKnownFileType = sourcecode.swift; path = CreateEventViewController.swift; sourceTree = "<group>"; };
		97CFCAA52EB65DE80090FD9C /* ViewController.swift */ = {isa = PBXFileReference; lastKnownFileType = sourcecode.swift; path = ViewController.swift; sourceTree = "<group>"; };
		97CFCAA72EB78ECD0090FD9C /* EmojiCollectionViewCell.swift */ = {isa = PBXFileReference; lastKnownFileType = sourcecode.swift; path = EmojiCollectionViewCell.swift; sourceTree = "<group>"; };
		97CFCAA92EB78EDC0090FD9C /* ColorCollectionViewCell.swift */ = {isa = PBXFileReference; lastKnownFileType = sourcecode.swift; path = ColorCollectionViewCell.swift; sourceTree = "<group>"; };
		97EF92352ECC8C200079590B /* OnboardingViewController.swift */ = {isa = PBXFileReference; lastKnownFileType = sourcecode.swift; path = OnboardingViewController.swift; sourceTree = "<group>"; };
		97EF92592ECDCBA60079590B /* ChooseCategoryViewModel.swift */ = {isa = PBXFileReference; lastKnownFileType = sourcecode.swift; path = ChooseCategoryViewModel.swift; sourceTree = "<group>"; };
		97EF925B2ECDCC450079590B /* ChooseCategoryTableViewCellViewModel.swift */ = {isa = PBXFileReference; lastKnownFileType = sourcecode.swift; path = ChooseCategoryTableViewCellViewModel.swift; sourceTree = "<group>"; };
		97EF92662ED20BAB0079590B /* OnboardingPageViewController.swift */ = {isa = PBXFileReference; lastKnownFileType = sourcecode.swift; path = OnboardingPageViewController.swift; sourceTree = "<group>"; };
		97F381F52EABAC990013F66B /* Tracker.swift */ = {isa = PBXFileReference; lastKnownFileType = sourcecode.swift; path = Tracker.swift; sourceTree = "<group>"; };
		97F381F72EABACA50013F66B /* TrackerCategory.swift */ = {isa = PBXFileReference; lastKnownFileType = sourcecode.swift; path = TrackerCategory.swift; sourceTree = "<group>"; };
		97F381F92EABACB50013F66B /* TrackerRecord.swift */ = {isa = PBXFileReference; lastKnownFileType = sourcecode.swift; path = TrackerRecord.swift; sourceTree = "<group>"; };
		97F381FB2EABAE330013F66B /* Weekday.swift */ = {isa = PBXFileReference; lastKnownFileType = sourcecode.swift; path = Weekday.swift; sourceTree = "<group>"; };
		97F381FF2EAD4D4E0013F66B /* TrackersCollectionViewCell.swift */ = {isa = PBXFileReference; lastKnownFileType = sourcecode.swift; path = TrackersCollectionViewCell.swift; sourceTree = "<group>"; };
		97F382022EAF8F760013F66B /* UIView+addSubviews.swift */ = {isa = PBXFileReference; lastKnownFileType = sourcecode.swift; path = "UIView+addSubviews.swift"; sourceTree = "<group>"; };
		97F382042EAF94FD0013F66B /* HeaderSupplementaryView.swift */ = {isa = PBXFileReference; lastKnownFileType = sourcecode.swift; path = HeaderSupplementaryView.swift; sourceTree = "<group>"; };
		97F9FC412EA667BE0034200A /* Tracker.app */ = {isa = PBXFileReference; explicitFileType = wrapper.application; includeInIndex = 0; path = Tracker.app; sourceTree = BUILT_PRODUCTS_DIR; };
		97F9FC442EA667BE0034200A /* AppDelegate.swift */ = {isa = PBXFileReference; lastKnownFileType = sourcecode.swift; path = AppDelegate.swift; sourceTree = "<group>"; };
		97F9FC462EA667BE0034200A /* SceneDelegate.swift */ = {isa = PBXFileReference; lastKnownFileType = sourcecode.swift; path = SceneDelegate.swift; sourceTree = "<group>"; };
		97F9FC4D2EA667C20034200A /* Assets.xcassets */ = {isa = PBXFileReference; lastKnownFileType = folder.assetcatalog; path = Assets.xcassets; sourceTree = "<group>"; };
		97F9FC502EA667C20034200A /* Base */ = {isa = PBXFileReference; lastKnownFileType = file.storyboard; name = Base; path = Base.lproj/LaunchScreen.storyboard; sourceTree = "<group>"; };
		97F9FC522EA667C20034200A /* Info.plist */ = {isa = PBXFileReference; lastKnownFileType = text.plist.xml; path = Info.plist; sourceTree = "<group>"; };
		97F9FC582EA672F60034200A /* TabBarController.swift */ = {isa = PBXFileReference; lastKnownFileType = sourcecode.swift; path = TabBarController.swift; sourceTree = "<group>"; };
		97F9FC5E2EA6759C0034200A /* StatisticsViewController.swift */ = {isa = PBXFileReference; lastKnownFileType = sourcecode.swift; path = StatisticsViewController.swift; sourceTree = "<group>"; };
		97F9FC602EA675A90034200A /* TrackersViewController.swift */ = {isa = PBXFileReference; lastKnownFileType = sourcecode.swift; path = TrackersViewController.swift; sourceTree = "<group>"; };
/* End PBXFileReference section */

/* Begin PBXFrameworksBuildPhase section */
		97F9FC3E2EA667BE0034200A /* Frameworks */ = {
			isa = PBXFrameworksBuildPhase;
			buildActionMask = 2147483647;
			files = (
			);
			runOnlyForDeploymentPostprocessing = 0;
		};
/* End PBXFrameworksBuildPhase section */

/* Begin PBXGroup section */
		972F1EA42EBF656300A5B31B /* Store */ = {
			isa = PBXGroup;
			children = (
				972F1EA52EBF656F00A5B31B /* TrackerStore.swift */,
				972F1EA72EBF657B00A5B31B /* TrackerCategoryStore.swift */,
				972F1EA92EBF658400A5B31B /* TrackerRecordStore.swift */,
				972F1EB92EC49E5100A5B31B /* CoreDataError.swift */,
				972F1EBB2EC6947B00A5B31B /* DataBaseStore.swift */,
			);
			path = Store;
			sourceTree = "<group>";
		};
		972F1EAB2EBF667800A5B31B /* Application */ = {
			isa = PBXGroup;
			children = (
				97F9FC442EA667BE0034200A /* AppDelegate.swift */,
				97F9FC462EA667BE0034200A /* SceneDelegate.swift */,
				97F382012EAF8F5B0013F66B /* Helpers */,
			);
			path = Application;
			sourceTree = "<group>";
		};
		972F1EAC2EBF66BB00A5B31B /* Resources */ = {
			isa = PBXGroup;
			children = (
				97F9FC4D2EA667C20034200A /* Assets.xcassets */,
				97F9FC4F2EA667C20034200A /* LaunchScreen.storyboard */,
				97F9FC522EA667C20034200A /* Info.plist */,
			);
			path = Resources;
			sourceTree = "<group>";
		};
		972F1EAD2EBF66D500A5B31B /* Core */ = {
			isa = PBXGroup;
			children = (
				972F1EB22EC309E500A5B31B /* CoreData */,
				97F381F42EABAC880013F66B /* Models */,
			);
			path = Core;
			sourceTree = "<group>";
		};
		972F1EB22EC309E500A5B31B /* CoreData */ = {
			isa = PBXGroup;
			children = (
				972F1EA42EBF656300A5B31B /* Store */,
				9753A8342EBB538000491D40 /* ModelsCoreData.xcdatamodeld */,
			);
			path = CoreData;
			sourceTree = "<group>";
		};
		97CFCA7F2EB202D90090FD9C /* Habbit */ = {
			isa = PBXGroup;
			children = (
				97CFCA802EB202F60090FD9C /* CreateHabbitViewController.swift */,
			);
			path = Habbit;
			sourceTree = "<group>";
		};
		97CFCA882EB22F8B0090FD9C /* Timetable */ = {
			isa = PBXGroup;
			children = (
				97CFCA822EB2030C0090FD9C /* TimetableViewController.swift */,
				97CFCA842EB205540090FD9C /* TimetableTableViewCell.swift */,
				97CFCA8E2EB246D60090FD9C /* TimetableTableViewCellDelegate.swift */,
			);
			path = Timetable;
			sourceTree = "<group>";
		};
		97CFCA8B2EB22FD70090FD9C /* ChooseCategory */ = {
			isa = PBXGroup;
			children = (
				97CFCA8C2EB22FEC0090FD9C /* ChooseCategoryViewController.swift */,
				97CFCA972EB36C7F0090FD9C /* ChooseCategoryViewControllerDelegate.swift */,
				97CFCA992EB3F76F0090FD9C /* ChooseCategoryTableViewCell.swift */,
				97EF92592ECDCBA60079590B /* ChooseCategoryViewModel.swift */,
				97EF925B2ECDCC450079590B /* ChooseCategoryTableViewCellViewModel.swift */,
			);
			path = ChooseCategory;
			sourceTree = "<group>";
		};
		97CFCA942EB369C40090FD9C /* NewCategory */ = {
			isa = PBXGroup;
			children = (
				97CFCA952EB369D90090FD9C /* NewCategoryViewController.swift */,
			);
			path = NewCategory;
			sourceTree = "<group>";
		};
		97CFCA9D2EB4E21E0090FD9C /* Event */ = {
			isa = PBXGroup;
			children = (
				97CFCAA12EB5059A0090FD9C /* CreateEventViewController.swift */,
			);
			path = Event;
			sourceTree = "<group>";
		};
		97CFCA9E2EB4E2640090FD9C /* CreateTracker */ = {
			isa = PBXGroup;
			children = (
				97CFCA9F2EB5056A0090FD9C /* ChooseKindOfNewTrackerViewController.swift */,
				97CFCA922EB2B27B0090FD9C /* CreateTrackerViewControllerDelegate.swift */,
				97CFCA892EB22FAF0090FD9C /* CreateTrackerTableViewCell.swift */,
				97CFCA9D2EB4E21E0090FD9C /* Event */,
				97CFCA7F2EB202D90090FD9C /* Habbit */,
				97CFCAA72EB78ECD0090FD9C /* EmojiCollectionViewCell.swift */,
				97CFCAA92EB78EDC0090FD9C /* ColorCollectionViewCell.swift */,
			);
			path = CreateTracker;
			sourceTree = "<group>";
		};
		97EF92342ECC8C0C0079590B /* Onboarding */ = {
			isa = PBXGroup;
			children = (
				97EF92352ECC8C200079590B /* OnboardingViewController.swift */,
				97EF92662ED20BAB0079590B /* OnboardingPageViewController.swift */,
			);
			path = Onboarding;
			sourceTree = "<group>";
		};
		97F381F42EABAC880013F66B /* Models */ = {
			isa = PBXGroup;
			children = (
				97F381F52EABAC990013F66B /* Tracker.swift */,
				97F381F72EABACA50013F66B /* TrackerCategory.swift */,
				97F381F92EABACB50013F66B /* TrackerRecord.swift */,
				97F381FB2EABAE330013F66B /* Weekday.swift */,
				97CFCAA52EB65DE80090FD9C /* ViewController.swift */,
			);
			path = Models;
			sourceTree = "<group>";
		};
		97F382012EAF8F5B0013F66B /* Helpers */ = {
			isa = PBXGroup;
			children = (
				97F382022EAF8F760013F66B /* UIView+addSubviews.swift */,
				9753A8372EBB559F00491D40 /* DaysValueTransformer.swift */,
				972F1EB72EC4915800A5B31B /* ColorValueTransformer.swift */,
			);
			path = Helpers;
			sourceTree = "<group>";
		};
		97F9FC382EA667BE0034200A = {
			isa = PBXGroup;
			children = (
				97F9FC432EA667BE0034200A /* Tracker */,
				97F9FC422EA667BE0034200A /* Products */,
			);
			sourceTree = "<group>";
		};
		97F9FC422EA667BE0034200A /* Products */ = {
			isa = PBXGroup;
			children = (
				97F9FC412EA667BE0034200A /* Tracker.app */,
			);
			name = Products;
			sourceTree = "<group>";
		};
		97F9FC432EA667BE0034200A /* Tracker */ = {
			isa = PBXGroup;
			children = (
				972F1EAD2EBF66D500A5B31B /* Core */,
				972F1EAC2EBF66BB00A5B31B /* Resources */,
				972F1EAB2EBF667800A5B31B /* Application */,
				97F9FC5A2EA6755B0034200A /* Presentation */,
			);
			path = Tracker;
			sourceTree = "<group>";
		};
		97F9FC5A2EA6755B0034200A /* Presentation */ = {
			isa = PBXGroup;
			children = (
				97EF92342ECC8C0C0079590B /* Onboarding */,
				97CFCA942EB369C40090FD9C /* NewCategory */,
				97CFCA8B2EB22FD70090FD9C /* ChooseCategory */,
				97CFCA882EB22F8B0090FD9C /* Timetable */,
				97CFCA9E2EB4E2640090FD9C /* CreateTracker */,
				97F9FC5D2EA675890034200A /* Statistics */,
				97F9FC5C2EA675730034200A /* Trackers */,
				97F9FC5B2EA6756A0034200A /* TabBar */,
			);
			path = Presentation;
			sourceTree = "<group>";
		};
		97F9FC5B2EA6756A0034200A /* TabBar */ = {
			isa = PBXGroup;
			children = (
				97F9FC582EA672F60034200A /* TabBarController.swift */,
			);
			path = TabBar;
			sourceTree = "<group>";
		};
		97F9FC5C2EA675730034200A /* Trackers */ = {
			isa = PBXGroup;
			children = (
				97F9FC602EA675A90034200A /* TrackersViewController.swift */,
				97F381FF2EAD4D4E0013F66B /* TrackersCollectionViewCell.swift */,
				97F382042EAF94FD0013F66B /* HeaderSupplementaryView.swift */,
				97B1F95C2EB097540045D7D7 /* TrackersCollectionViewCellDelegate.swift */,
				97CFCA9B2EB4D3560090FD9C /* TrackersViewControllerDelegate.swift */,
			);
			path = Trackers;
			sourceTree = "<group>";
		};
		97F9FC5D2EA675890034200A /* Statistics */ = {
			isa = PBXGroup;
			children = (
				97F9FC5E2EA6759C0034200A /* StatisticsViewController.swift */,
			);
			path = Statistics;
			sourceTree = "<group>";
		};
/* End PBXGroup section */

/* Begin PBXNativeTarget section */
		97F9FC402EA667BE0034200A /* Tracker */ = {
			isa = PBXNativeTarget;
			buildConfigurationList = 97F9FC552EA667C20034200A /* Build configuration list for PBXNativeTarget "Tracker" */;
			buildPhases = (
				97F9FC3D2EA667BE0034200A /* Sources */,
				97F9FC3E2EA667BE0034200A /* Frameworks */,
				97F9FC3F2EA667BE0034200A /* Resources */,
			);
			buildRules = (
			);
			dependencies = (
			);
			name = Tracker;
			productName = Tracker;
			productReference = 97F9FC412EA667BE0034200A /* Tracker.app */;
			productType = "com.apple.product-type.application";
		};
/* End PBXNativeTarget section */

/* Begin PBXProject section */
		97F9FC392EA667BE0034200A /* Project object */ = {
			isa = PBXProject;
			attributes = {
				BuildIndependentTargetsInParallel = 1;
				LastSwiftUpdateCheck = 1520;
				LastUpgradeCheck = 1520;
				TargetAttributes = {
					97F9FC402EA667BE0034200A = {
						CreatedOnToolsVersion = 15.2;
					};
				};
			};
			buildConfigurationList = 97F9FC3C2EA667BE0034200A /* Build configuration list for PBXProject "Tracker" */;
			compatibilityVersion = "Xcode 14.0";
			developmentRegion = en;
			hasScannedForEncodings = 0;
			knownRegions = (
				en,
				Base,
			);
			mainGroup = 97F9FC382EA667BE0034200A;
			productRefGroup = 97F9FC422EA667BE0034200A /* Products */;
			projectDirPath = "";
			projectRoot = "";
			targets = (
				97F9FC402EA667BE0034200A /* Tracker */,
			);
		};
/* End PBXProject section */

/* Begin PBXResourcesBuildPhase section */
		97F9FC3F2EA667BE0034200A /* Resources */ = {
			isa = PBXResourcesBuildPhase;
			buildActionMask = 2147483647;
			files = (
				97F9FC512EA667C20034200A /* LaunchScreen.storyboard in Resources */,
				97F9FC4E2EA667C20034200A /* Assets.xcassets in Resources */,
			);
			runOnlyForDeploymentPostprocessing = 0;
		};
/* End PBXResourcesBuildPhase section */

/* Begin PBXSourcesBuildPhase section */
		97F9FC3D2EA667BE0034200A /* Sources */ = {
			isa = PBXSourcesBuildPhase;
			buildActionMask = 2147483647;
			files = (
				97CFCAA02EB5056A0090FD9C /* ChooseKindOfNewTrackerViewController.swift in Sources */,
				972F1EB82EC4915800A5B31B /* ColorValueTransformer.swift in Sources */,
				97CFCA8D2EB22FEC0090FD9C /* ChooseCategoryViewController.swift in Sources */,
				97EF925C2ECDCC450079590B /* ChooseCategoryTableViewCellViewModel.swift in Sources */,
				97F382032EAF8F760013F66B /* UIView+addSubviews.swift in Sources */,
				97CFCAA22EB5059A0090FD9C /* CreateEventViewController.swift in Sources */,
				97F382002EAD4D4F0013F66B /* TrackersCollectionViewCell.swift in Sources */,
				972F1EAA2EBF658400A5B31B /* TrackerRecordStore.swift in Sources */,
				97CFCA8F2EB246D60090FD9C /* TimetableTableViewCellDelegate.swift in Sources */,
				972F1EA62EBF656F00A5B31B /* TrackerStore.swift in Sources */,
				97CFCA9A2EB3F76F0090FD9C /* ChooseCategoryTableViewCell.swift in Sources */,
				97CFCAA82EB78ECD0090FD9C /* EmojiCollectionViewCell.swift in Sources */,
				97CFCA812EB202F60090FD9C /* CreateHabbitViewController.swift in Sources */,
				97CFCA982EB36C7F0090FD9C /* ChooseCategoryViewControllerDelegate.swift in Sources */,
				97F9FC5F2EA6759C0034200A /* StatisticsViewController.swift in Sources */,
				97F381F82EABACA50013F66B /* TrackerCategory.swift in Sources */,
				97F9FC592EA672F60034200A /* TabBarController.swift in Sources */,
				972F1EA82EBF657B00A5B31B /* TrackerCategoryStore.swift in Sources */,
				97B1F95D2EB097540045D7D7 /* TrackersCollectionViewCellDelegate.swift in Sources */,
				97F9FC452EA667BE0034200A /* AppDelegate.swift in Sources */,
				972F1EBA2EC49E5100A5B31B /* CoreDataError.swift in Sources */,
				97CFCA962EB369D90090FD9C /* NewCategoryViewController.swift in Sources */,
				97F381FA2EABACB50013F66B /* TrackerRecord.swift in Sources */,
				97F381FC2EABAE330013F66B /* Weekday.swift in Sources */,
				97EF92362ECC8C200079590B /* OnboardingViewController.swift in Sources */,
				97CFCA8A2EB22FB00090FD9C /* CreateTrackerTableViewCell.swift in Sources */,
				97CFCAA62EB65DE80090FD9C /* ViewController.swift in Sources */,
				97EF925A2ECDCBA60079590B /* ChooseCategoryViewModel.swift in Sources */,
				97CFCA852EB205540090FD9C /* TimetableTableViewCell.swift in Sources */,
				97F9FC472EA667BE0034200A /* SceneDelegate.swift in Sources */,
				9753A8382EBB559F00491D40 /* DaysValueTransformer.swift in Sources */,
				9753A8362EBB538000491D40 /* ModelsCoreData.xcdatamodeld in Sources */,
				97F382052EAF94FD0013F66B /* HeaderSupplementaryView.swift in Sources */,
				97CFCA9C2EB4D3560090FD9C /* TrackersViewControllerDelegate.swift in Sources */,
				97F9FC612EA675A90034200A /* TrackersViewController.swift in Sources */,
				97CFCA832EB2030C0090FD9C /* TimetableViewController.swift in Sources */,
				97CFCA932EB2B27B0090FD9C /* CreateTrackerViewControllerDelegate.swift in Sources */,
				97F381F62EABAC990013F66B /* Tracker.swift in Sources */,
				972F1EBC2EC6947B00A5B31B /* DataBaseStore.swift in Sources */,
				97CFCAAA2EB78EDC0090FD9C /* ColorCollectionViewCell.swift in Sources */,
				97EF92672ED20BAB0079590B /* OnboardingPageViewController.swift in Sources */,
			);
			runOnlyForDeploymentPostprocessing = 0;
		};
/* End PBXSourcesBuildPhase section */

/* Begin PBXVariantGroup section */
		97F9FC4F2EA667C20034200A /* LaunchScreen.storyboard */ = {
			isa = PBXVariantGroup;
			children = (
				97F9FC502EA667C20034200A /* Base */,
			);
			name = LaunchScreen.storyboard;
			sourceTree = "<group>";
		};
/* End PBXVariantGroup section */

/* Begin XCBuildConfiguration section */
		97F9FC532EA667C20034200A /* Debug */ = {
			isa = XCBuildConfiguration;
			buildSettings = {
				ALWAYS_SEARCH_USER_PATHS = NO;
				ASSETCATALOG_COMPILER_GENERATE_SWIFT_ASSET_SYMBOL_EXTENSIONS = YES;
				CLANG_ANALYZER_NONNULL = YES;
				CLANG_ANALYZER_NUMBER_OBJECT_CONVERSION = YES_AGGRESSIVE;
				CLANG_CXX_LANGUAGE_STANDARD = "gnu++20";
				CLANG_ENABLE_MODULES = YES;
				CLANG_ENABLE_OBJC_ARC = YES;
				CLANG_ENABLE_OBJC_WEAK = YES;
				CLANG_WARN_BLOCK_CAPTURE_AUTORELEASING = YES;
				CLANG_WARN_BOOL_CONVERSION = YES;
				CLANG_WARN_COMMA = YES;
				CLANG_WARN_CONSTANT_CONVERSION = YES;
				CLANG_WARN_DEPRECATED_OBJC_IMPLEMENTATIONS = YES;
				CLANG_WARN_DIRECT_OBJC_ISA_USAGE = YES_ERROR;
				CLANG_WARN_DOCUMENTATION_COMMENTS = YES;
				CLANG_WARN_EMPTY_BODY = YES;
				CLANG_WARN_ENUM_CONVERSION = YES;
				CLANG_WARN_INFINITE_RECURSION = YES;
				CLANG_WARN_INT_CONVERSION = YES;
				CLANG_WARN_NON_LITERAL_NULL_CONVERSION = YES;
				CLANG_WARN_OBJC_IMPLICIT_RETAIN_SELF = YES;
				CLANG_WARN_OBJC_LITERAL_CONVERSION = YES;
				CLANG_WARN_OBJC_ROOT_CLASS = YES_ERROR;
				CLANG_WARN_QUOTED_INCLUDE_IN_FRAMEWORK_HEADER = YES;
				CLANG_WARN_RANGE_LOOP_ANALYSIS = YES;
				CLANG_WARN_STRICT_PROTOTYPES = YES;
				CLANG_WARN_SUSPICIOUS_MOVE = YES;
				CLANG_WARN_UNGUARDED_AVAILABILITY = YES_AGGRESSIVE;
				CLANG_WARN_UNREACHABLE_CODE = YES;
				CLANG_WARN__DUPLICATE_METHOD_MATCH = YES;
				COPY_PHASE_STRIP = NO;
				DEBUG_INFORMATION_FORMAT = dwarf;
				ENABLE_STRICT_OBJC_MSGSEND = YES;
				ENABLE_TESTABILITY = YES;
				ENABLE_USER_SCRIPT_SANDBOXING = YES;
				GCC_C_LANGUAGE_STANDARD = gnu17;
				GCC_DYNAMIC_NO_PIC = NO;
				GCC_NO_COMMON_BLOCKS = YES;
				GCC_OPTIMIZATION_LEVEL = 0;
				GCC_PREPROCESSOR_DEFINITIONS = (
					"DEBUG=1",
					"$(inherited)",
				);
				GCC_WARN_64_TO_32_BIT_CONVERSION = YES;
				GCC_WARN_ABOUT_RETURN_TYPE = YES_ERROR;
				GCC_WARN_UNDECLARED_SELECTOR = YES;
				GCC_WARN_UNINITIALIZED_AUTOS = YES_AGGRESSIVE;
				GCC_WARN_UNUSED_FUNCTION = YES;
				GCC_WARN_UNUSED_VARIABLE = YES;
				IPHONEOS_DEPLOYMENT_TARGET = 17.0;
				LOCALIZATION_PREFERS_STRING_CATALOGS = YES;
				MTL_ENABLE_DEBUG_INFO = INCLUDE_SOURCE;
				MTL_FAST_MATH = YES;
				ONLY_ACTIVE_ARCH = YES;
				SDKROOT = iphoneos;
				SWIFT_ACTIVE_COMPILATION_CONDITIONS = "DEBUG $(inherited)";
				SWIFT_OPTIMIZATION_LEVEL = "-Onone";
			};
			name = Debug;
		};
		97F9FC542EA667C20034200A /* Release */ = {
			isa = XCBuildConfiguration;
			buildSettings = {
				ALWAYS_SEARCH_USER_PATHS = NO;
				ASSETCATALOG_COMPILER_GENERATE_SWIFT_ASSET_SYMBOL_EXTENSIONS = YES;
				CLANG_ANALYZER_NONNULL = YES;
				CLANG_ANALYZER_NUMBER_OBJECT_CONVERSION = YES_AGGRESSIVE;
				CLANG_CXX_LANGUAGE_STANDARD = "gnu++20";
				CLANG_ENABLE_MODULES = YES;
				CLANG_ENABLE_OBJC_ARC = YES;
				CLANG_ENABLE_OBJC_WEAK = YES;
				CLANG_WARN_BLOCK_CAPTURE_AUTORELEASING = YES;
				CLANG_WARN_BOOL_CONVERSION = YES;
				CLANG_WARN_COMMA = YES;
				CLANG_WARN_CONSTANT_CONVERSION = YES;
				CLANG_WARN_DEPRECATED_OBJC_IMPLEMENTATIONS = YES;
				CLANG_WARN_DIRECT_OBJC_ISA_USAGE = YES_ERROR;
				CLANG_WARN_DOCUMENTATION_COMMENTS = YES;
				CLANG_WARN_EMPTY_BODY = YES;
				CLANG_WARN_ENUM_CONVERSION = YES;
				CLANG_WARN_INFINITE_RECURSION = YES;
				CLANG_WARN_INT_CONVERSION = YES;
				CLANG_WARN_NON_LITERAL_NULL_CONVERSION = YES;
				CLANG_WARN_OBJC_IMPLICIT_RETAIN_SELF = YES;
				CLANG_WARN_OBJC_LITERAL_CONVERSION = YES;
				CLANG_WARN_OBJC_ROOT_CLASS = YES_ERROR;
				CLANG_WARN_QUOTED_INCLUDE_IN_FRAMEWORK_HEADER = YES;
				CLANG_WARN_RANGE_LOOP_ANALYSIS = YES;
				CLANG_WARN_STRICT_PROTOTYPES = YES;
				CLANG_WARN_SUSPICIOUS_MOVE = YES;
				CLANG_WARN_UNGUARDED_AVAILABILITY = YES_AGGRESSIVE;
				CLANG_WARN_UNREACHABLE_CODE = YES;
				CLANG_WARN__DUPLICATE_METHOD_MATCH = YES;
				COPY_PHASE_STRIP = NO;
				DEBUG_INFORMATION_FORMAT = "dwarf-with-dsym";
				ENABLE_NS_ASSERTIONS = NO;
				ENABLE_STRICT_OBJC_MSGSEND = YES;
				ENABLE_USER_SCRIPT_SANDBOXING = YES;
				GCC_C_LANGUAGE_STANDARD = gnu17;
				GCC_NO_COMMON_BLOCKS = YES;
				GCC_WARN_64_TO_32_BIT_CONVERSION = YES;
				GCC_WARN_ABOUT_RETURN_TYPE = YES_ERROR;
				GCC_WARN_UNDECLARED_SELECTOR = YES;
				GCC_WARN_UNINITIALIZED_AUTOS = YES_AGGRESSIVE;
				GCC_WARN_UNUSED_FUNCTION = YES;
				GCC_WARN_UNUSED_VARIABLE = YES;
				IPHONEOS_DEPLOYMENT_TARGET = 17.0;
				LOCALIZATION_PREFERS_STRING_CATALOGS = YES;
				MTL_ENABLE_DEBUG_INFO = NO;
				MTL_FAST_MATH = YES;
				SDKROOT = iphoneos;
				SWIFT_COMPILATION_MODE = wholemodule;
				VALIDATE_PRODUCT = YES;
			};
			name = Release;
		};
		97F9FC562EA667C20034200A /* Debug */ = {
			isa = XCBuildConfiguration;
			buildSettings = {
				ASSETCATALOG_COMPILER_APPICON_NAME = AppIcon;
				ASSETCATALOG_COMPILER_GLOBAL_ACCENT_COLOR_NAME = AccentColor;
				CODE_SIGN_STYLE = Automatic;
				CURRENT_PROJECT_VERSION = 1;
				DEVELOPMENT_TEAM = T3RWBS3YY4;
				GENERATE_INFOPLIST_FILE = YES;
				INFOPLIST_FILE = Tracker/Resources/Info.plist;
				INFOPLIST_KEY_UIApplicationSupportsIndirectInputEvents = YES;
				INFOPLIST_KEY_UILaunchStoryboardName = LaunchScreen;
				INFOPLIST_KEY_UISupportedInterfaceOrientations_iPhone = UIInterfaceOrientationPortrait;
				IPHONEOS_DEPLOYMENT_TARGET = 17.0;
				LD_RUNPATH_SEARCH_PATHS = (
					"$(inherited)",
					"@executable_path/Frameworks",
				);
				MARKETING_VERSION = 1.0;
				PRODUCT_BUNDLE_IDENTIFIER = ru.alekseiypetrov.Tracker;
				PRODUCT_NAME = "$(TARGET_NAME)";
				SUPPORTED_PLATFORMS = "iphoneos iphonesimulator";
				SUPPORTS_MACCATALYST = NO;
				SUPPORTS_MAC_DESIGNED_FOR_IPHONE_IPAD = NO;
				SUPPORTS_XR_DESIGNED_FOR_IPHONE_IPAD = NO;
				SWIFT_EMIT_LOC_STRINGS = YES;
				SWIFT_VERSION = 5.0;
				TARGETED_DEVICE_FAMILY = 1;
			};
			name = Debug;
		};
		97F9FC572EA667C20034200A /* Release */ = {
			isa = XCBuildConfiguration;
			buildSettings = {
				ASSETCATALOG_COMPILER_APPICON_NAME = AppIcon;
				ASSETCATALOG_COMPILER_GLOBAL_ACCENT_COLOR_NAME = AccentColor;
				CODE_SIGN_STYLE = Automatic;
				CURRENT_PROJECT_VERSION = 1;
				DEVELOPMENT_TEAM = T3RWBS3YY4;
				GENERATE_INFOPLIST_FILE = YES;
				INFOPLIST_FILE = Tracker/Resources/Info.plist;
				INFOPLIST_KEY_UIApplicationSupportsIndirectInputEvents = YES;
				INFOPLIST_KEY_UILaunchStoryboardName = LaunchScreen;
				INFOPLIST_KEY_UISupportedInterfaceOrientations_iPhone = UIInterfaceOrientationPortrait;
				IPHONEOS_DEPLOYMENT_TARGET = 17.0;
				LD_RUNPATH_SEARCH_PATHS = (
					"$(inherited)",
					"@executable_path/Frameworks",
				);
				MARKETING_VERSION = 1.0;
				PRODUCT_BUNDLE_IDENTIFIER = ru.alekseiypetrov.Tracker;
				PRODUCT_NAME = "$(TARGET_NAME)";
				SUPPORTED_PLATFORMS = "iphoneos iphonesimulator";
				SUPPORTS_MACCATALYST = NO;
				SUPPORTS_MAC_DESIGNED_FOR_IPHONE_IPAD = NO;
				SUPPORTS_XR_DESIGNED_FOR_IPHONE_IPAD = NO;
				SWIFT_EMIT_LOC_STRINGS = YES;
				SWIFT_VERSION = 5.0;
				TARGETED_DEVICE_FAMILY = 1;
			};
			name = Release;
		};
/* End XCBuildConfiguration section */

/* Begin XCConfigurationList section */
		97F9FC3C2EA667BE0034200A /* Build configuration list for PBXProject "Tracker" */ = {
			isa = XCConfigurationList;
			buildConfigurations = (
				97F9FC532EA667C20034200A /* Debug */,
				97F9FC542EA667C20034200A /* Release */,
			);
			defaultConfigurationIsVisible = 0;
			defaultConfigurationName = Release;
		};
		97F9FC552EA667C20034200A /* Build configuration list for PBXNativeTarget "Tracker" */ = {
			isa = XCConfigurationList;
			buildConfigurations = (
				97F9FC562EA667C20034200A /* Debug */,
				97F9FC572EA667C20034200A /* Release */,
			);
			defaultConfigurationIsVisible = 0;
			defaultConfigurationName = Release;
		};
/* End XCConfigurationList section */

/* Begin XCVersionGroup section */
		9753A8342EBB538000491D40 /* ModelsCoreData.xcdatamodeld */ = {
			isa = XCVersionGroup;
			children = (
				9753A8352EBB538000491D40 /* CoreDataModels.xcdatamodel */,
			);
			currentVersion = 9753A8352EBB538000491D40 /* CoreDataModels.xcdatamodel */;
			path = ModelsCoreData.xcdatamodeld;
			sourceTree = "<group>";
			versionGroupType = wrapper.xcdatamodel;
		};
/* End XCVersionGroup section */
	};
	rootObject = 97F9FC392EA667BE0034200A /* Project object */;
}
